
Microsoft Visual Studio Solution File, Format Version 12.00
# Visual Studio Version 16
VisualStudioVersion = 16.0.31410.357
MinimumVisualStudioVersion = 10.0.40219.1
Project("{FAE04EC0-301F-11D3-BF4B-00C04F79EFBC}") = "SimpleCalculator", "SimpleCalculator\SimpleCalculator.csproj", "{766E1BF5-C12D-4684-AA09-7C68A21E0DE6}"
EndProject
Project("{FAE04EC0-301F-11D3-BF4B-00C04F79EFBC}") = "SimpleCalculator.Test.Unit", "SimpleCalculator.Test.Unit\SimpleCalculator.Test.Unit.csproj", "{EBC073F4-0F10-4399-BAC9-3A1E67463AE2}"
EndProject
Global
	GlobalSection(SolutionConfigurationPlatforms) = preSolution
		Debug|Any CPU = Debug|Any CPU
		Release|Any CPU = Release|Any CPU
	EndGlobalSection
	GlobalSection(ProjectConfigurationPlatforms) = postSolution
		{766E1BF5-C12D-4684-AA09-7C68A21E0DE6}.Debug|Any CPU.ActiveCfg = Debug|Any CPU
		{766E1BF5-C12D-4684-AA09-7C68A21E0DE6}.Debug|Any CPU.Build.0 = Debug|Any CPU
		{766E1BF5-C12D-4684-AA09-7C68A21E0DE6}.Release|Any CPU.ActiveCfg = Release|Any CPU
		{766E1BF5-C12D-4684-AA09-7C68A21E0DE6}.Release|Any CPU.Build.0 = Release|Any CPU
		{EBC073F4-0F10-4399-BAC9-3A1E67463AE2}.Debug|Any CPU.ActiveCfg = Debug|Any CPU
		{EBC073F4-0F10-4399-BAC9-3A1E67463AE2}.Debug|Any CPU.Build.0 = Debug|Any CPU
		{EBC073F4-0F10-4399-BAC9-3A1E67463AE2}.Release|Any CPU.ActiveCfg = Release|Any CPU
		{EBC073F4-0F10-4399-BAC9-3A1E67463AE2}.Release|Any CPU.Build.0 = Release|Any CPU
	EndGlobalSection
	GlobalSection(SolutionProperties) = preSolution
		HideSolutionNode = FALSE
	EndGlobalSection
	GlobalSection(ExtensibilityGlobals) = postSolution
		SolutionGuid = {B6B70869-C9B2-4E63-9EF4-DA0869D67061}
	EndGlobalSection
EndGlobal
