
Microsoft Visual Studio Solution File, Format Version 12.00
# Visual Studio Version 16
VisualStudioVersion = 16.0.31424.327
MinimumVisualStudioVersion = 10.0.40219.1
Project("{FAE04EC0-301F-11D3-BF4B-00C04F79EFBC}") = "SimpleWebScraper", "SimpleWebScraper\SimpleWebScraper.csproj", "{F9645117-79EC-45CD-B37B-46A76A43E616}"
EndProject
Project("{FAE04EC0-301F-11D3-BF4B-00C04F79EFBC}") = "SimpleWebScraper.Test.Unit", "SimpleWebScraper.Test.Unit\SimpleWebScraper.Test.Unit.csproj", "{9CE819B2-C8C7-456D-BC1F-055582EA5EAC}"
EndProject
Global
	GlobalSection(SolutionConfigurationPlatforms) = preSolution
		Debug|Any CPU = Debug|Any CPU
		Release|Any CPU = Release|Any CPU
	EndGlobalSection
	GlobalSection(ProjectConfigurationPlatforms) = postSolution
		{F9645117-79EC-45CD-B37B-46A76A43E616}.Debug|Any CPU.ActiveCfg = Debug|Any CPU
		{F9645117-79EC-45CD-B37B-46A76A43E616}.Debug|Any CPU.Build.0 = Debug|Any CPU
		{F9645117-79EC-45CD-B37B-46A76A43E616}.Release|Any CPU.ActiveCfg = Release|Any CPU
		{F9645117-79EC-45CD-B37B-46A76A43E616}.Release|Any CPU.Build.0 = Release|Any CPU
		{9CE819B2-C8C7-456D-BC1F-055582EA5EAC}.Debug|Any CPU.ActiveCfg = Debug|Any CPU
		{9CE819B2-C8C7-456D-BC1F-055582EA5EAC}.Debug|Any CPU.Build.0 = Debug|Any CPU
		{9CE819B2-C8C7-456D-BC1F-055582EA5EAC}.Release|Any CPU.ActiveCfg = Release|Any CPU
		{9CE819B2-C8C7-456D-BC1F-055582EA5EAC}.Release|Any CPU.Build.0 = Release|Any CPU
	EndGlobalSection
	GlobalSection(SolutionProperties) = preSolution
		HideSolutionNode = FALSE
	EndGlobalSection
	GlobalSection(ExtensibilityGlobals) = postSolution
		SolutionGuid = {2CDCA8AE-67DB-43A9-A8F9-F951AC86608C}
	EndGlobalSection
EndGlobal
