
Microsoft Visual Studio Solution File, Format Version 12.00
# Visual Studio Version 16
VisualStudioVersion = 16.0.31424.327
MinimumVisualStudioVersion = 10.0.40219.1
Project("{FAE04EC0-301F-11D3-BF4B-00C04F79EFBC}") = "SudokuSolver", "SudokuSolver\SudokuSolver.csproj", "{7781B638-CCDE-4DA2-9461-6BCE3625B6B6}"
EndProject
Global
	GlobalSection(SolutionConfigurationPlatforms) = preSolution
		Debug|Any CPU = Debug|Any CPU
		Release|Any CPU = Release|Any CPU
	EndGlobalSection
	GlobalSection(ProjectConfigurationPlatforms) = postSolution
		{7781B638-CCDE-4DA2-9461-6BCE3625B6B6}.Debug|Any CPU.ActiveCfg = Debug|Any CPU
		{7781B638-CCDE-4DA2-9461-6BCE3625B6B6}.Debug|Any CPU.Build.0 = Debug|Any CPU
		{7781B638-CCDE-4DA2-9461-6BCE3625B6B6}.Release|Any CPU.ActiveCfg = Release|Any CPU
		{7781B638-CCDE-4DA2-9461-6BCE3625B6B6}.Release|Any CPU.Build.0 = Release|Any CPU
	EndGlobalSection
	GlobalSection(SolutionProperties) = preSolution
		HideSolutionNode = FALSE
	EndGlobalSection
	GlobalSection(ExtensibilityGlobals) = postSolution
		SolutionGuid = {CD7A37B0-8FFB-419E-ACE3-C9507079B0AC}
	EndGlobalSection
EndGlobal
